{
  "version": 1,
  "dependencies": {
    "net10.0-windows10.0.17763": {
      "Microsoft.NET.ILLink.Tasks": {
        "type": "Direct",
        "requested": "[10.0.9, )",
        "resolved": "10.0.9",
        "contentHash": "4Iw41e2h7I4t70SJcX2GCmbyKJIlA273Cfm9RJMM050/3VBejGAG1KcthP5Z2L6SQcbfbf6BhNWO26+ZG+GzMg=="
      },
      "System.IO.Hashing": {
        "type": "Direct",
        "requested": "[10.0.9, )",
        "resolved": "10.0.9",
        "contentHash": "vixglGnKEexAJDeIRhyayZYzxyrgK1K9GU3K/zRZVwDbaDcMkSqj4WDHoVmQMNfsdUtLALfNSJw6mBIpdxie4A=="
      },
      "System.Management": {
        "type": "Direct",
        "requested": "[10.0.9, )",
        "resolved": "10.0.9",
        "contentHash": "8mfTzHLlMHCqFE1+iFGzxRCeCb2gDqvRQtZthuksYB+z546QZaFCiagbJ2KXHe7dy5ZpCUg/usaIqc2DxiemPw==",
        "dependencies": {
          "System.CodeDom": "10.0.9"
        }
      },
      "System.ServiceProcess.ServiceController": {
        "type": "Direct",
        "requested": "[10.0.9, )",
        "resolved": "10.0.9",
        "contentHash": "VaYklIT689DthcRzbqt3S8z3GkymiD+US+RLzMFfoPxNIyUxMpXT116cO6rVrKHSuwgdvb35HRKN/PmDmbL+3g==",
        "dependencies": {
          "System.Diagnostics.EventLog": "10.0.9"
        }
      },
      "System.CodeDom": {
        "type": "Transitive",
        "resolved": "10.0.9",
        "contentHash": "scH7O8oAuOMyZKOEiOQB3ZVz6x9XkrZNKNeWVCxdvkJHSy4SYXyinGK0o2Rn5LiGh+ovezziT2WCdqWKa7WMKA=="
      },
      "System.Diagnostics.EventLog": {
        "type": "Transitive",
        "resolved": "10.0.9",
        "contentHash": "s2PcxHK4IYQ6gmD3VSBkym9tWGkFisKjcjWBdl7a+n4Yy66ae4beJ1ZdjDp060SSll4W3Rt4H2LW87dWckv+QQ=="
      }
    },
    "net10.0-windows10.0.17763/win-x64": {
      "System.Management": {
        "type": "Direct",
        "requested": "[10.0.9, )",
        "resolved": "10.0.9",
        "contentHash": "8mfTzHLlMHCqFE1+iFGzxRCeCb2gDqvRQtZthuksYB+z546QZaFCiagbJ2KXHe7dy5ZpCUg/usaIqc2DxiemPw==",
        "dependencies": {
          "System.CodeDom": "10.0.9"
        }
      },
      "System.ServiceProcess.ServiceController": {
        "type": "Direct",
        "requested": "[10.0.9, )",
        "resolved": "10.0.9",
        "contentHash": "VaYklIT689DthcRzbqt3S8z3GkymiD+US+RLzMFfoPxNIyUxMpXT116cO6rVrKHSuwgdvb35HRKN/PmDmbL+3g==",
        "dependencies": {
          "System.Diagnostics.EventLog": "10.0.9"
        }
      },
      "System.Diagnostics.EventLog": {
        "type": "Transitive",
        "resolved": "10.0.9",
        "contentHash": "s2PcxHK4IYQ6gmD3VSBkym9tWGkFisKjcjWBdl7a+n4Yy66ae4beJ1ZdjDp060SSll4W3Rt4H2LW87dWckv+QQ=="
      }
    }
  }
}